
Microsoft Visual Studio Solution File, Format Version 12.00
# Visual Studio Version 17
VisualStudioVersion = 17.3.32929.385
MinimumVisualStudioVersion = 10.0.40219.1
Project("{FAE04EC0-301F-11D3-BF4B-00C04F79EFBC}") = "API_Study_Continues", "API_Study_Continues\API_Study_Continues.csproj", "{F49E4284-8ABE-4F62-9A80-4C20AC7BF277}"
EndProject
Global
	GlobalSection(SolutionConfigurationPlatforms) = preSolution
		Debug|Any CPU = Debug|Any CPU
		Release|Any CPU = Release|Any CPU
	EndGlobalSection
	GlobalSection(ProjectConfigurationPlatforms) = postSolution
		{F49E4284-8ABE-4F62-9A80-4C20AC7BF277}.Debug|Any CPU.ActiveCfg = Debug|Any CPU
		{F49E4284-8ABE-4F62-9A80-4C20AC7BF277}.Debug|Any CPU.Build.0 = Debug|Any CPU
		{F49E4284-8ABE-4F62-9A80-4C20AC7BF277}.Release|Any CPU.ActiveCfg = Release|Any CPU
		{F49E4284-8ABE-4F62-9A80-4C20AC7BF277}.Release|Any CPU.Build.0 = Release|Any CPU
	EndGlobalSection
	GlobalSection(SolutionProperties) = preSolution
		HideSolutionNode = FALSE
	EndGlobalSection
	GlobalSection(ExtensibilityGlobals) = postSolution
		SolutionGuid = {50F2FAF3-6FC7-44CA-A528-2782C3851E1D}
	EndGlobalSection
EndGlobal
